{
    "asm89/twig-cache-extension": {
        "version": "1.3.2"
    },
    "firebase/php-jwt": {
        "version": "v5.0.0"
    },
    "guzzlehttp/guzzle": {
        "version": "6.3.0"
    },
    "guzzlehttp/promises": {
        "version": "v1.3.1"
    },
    "guzzlehttp/psr7": {
        "version": "1.4.2"
    },
    "illuminate/database": {
        "version": "v5.5.17"
    },
    "illuminate/events": {
        "version": "v5.5.17"
    },
    "illuminate/pagination": {
        "version": "v5.5.17"
    },
    "justinrainbow/json-schema": {
        "version": "5.2.6"
    },
    "parse/php-sdk": {
        "version": "1.4.0"
    },
    "psr/cache": {
        "version": "1.0.1"
    },
    "psr/simple-cache": {
        "version": "1.0.0"
    },
    "pusher/pusher-php-server": {
        "version": "v3.0.1"
    },
    "respect/validation": {
        "version": "1.1.14"
    },
    "symfony/cache": {
        "version": "v4.0.2"
    },
    "symfony/flex": {
        "version": "1.0",
        "recipe": {
            "repo": "github.com/symfony/recipes",
            "branch": "master",
            "version": "1.0",
            "ref": "cc1afd81841db36fbef982fe56b48ade6716fac4"
        }
    },
    "symfony/polyfill-php72": {
        "version": "v1.6.0"
    },
    "symfony/validator": {
        "version": "v4.0.2"
    },
    "symfony/var-dumper": {
        "version": "v4.0.2"
    },
    "tuupola/slim-jwt-auth": {
        "version": "2.3.3"
    }
}
